
Microsoft Visual Studio Solution File, Format Version 12.00
# Visual Studio 15
VisualStudioVersion = 15.0.28307.757
MinimumVisualStudioVersion = 10.0.40219.1
Project("{FAE04EC0-301F-11D3-BF4B-00C04F79EFBC}") = "Markley_Lab14", "Markley_Lab14\Markley_Lab14.csproj", "{5E54534E-8643-4229-AA6F-D88B6E68EE59}"
EndProject
Global
	GlobalSection(SolutionConfigurationPlatforms) = preSolution
		Debug|Any CPU = Debug|Any CPU
		Release|Any CPU = Release|Any CPU
	EndGlobalSection
	GlobalSection(ProjectConfigurationPlatforms) = postSolution
		{5E54534E-8643-4229-AA6F-D88B6E68EE59}.Debug|Any CPU.ActiveCfg = Debug|Any CPU
		{5E54534E-8643-4229-AA6F-D88B6E68EE59}.Debug|Any CPU.Build.0 = Debug|Any CPU
		{5E54534E-8643-4229-AA6F-D88B6E68EE59}.Release|Any CPU.ActiveCfg = Release|Any CPU
		{5E54534E-8643-4229-AA6F-D88B6E68EE59}.Release|Any CPU.Build.0 = Release|Any CPU
	EndGlobalSection
	GlobalSection(SolutionProperties) = preSolution
		HideSolutionNode = FALSE
	EndGlobalSection
	GlobalSection(ExtensibilityGlobals) = postSolution
		SolutionGuid = {A885607F-9A13-41D5-BA79-9662F6B04705}
	EndGlobalSection
EndGlobal
